
Microsoft Visual Studio Solution File, Format Version 12.00
# Visual Studio Version 17
VisualStudioVersion = 17.5.33516.290
MinimumVisualStudioVersion = 10.0.40219.1
Project("{FAE04EC0-301F-11D3-BF4B-00C04F79EFBC}") = "contatos", "contatos\contatos.csproj", "{0E71AED6-67F8-48AB-B86C-012FD6B62D41}"
EndProject
Global
	GlobalSection(SolutionConfigurationPlatforms) = preSolution
		Debug|Any CPU = Debug|Any CPU
		Release|Any CPU = Release|Any CPU
	EndGlobalSection
	GlobalSection(ProjectConfigurationPlatforms) = postSolution
		{0E71AED6-67F8-48AB-B86C-012FD6B62D41}.Debug|Any CPU.ActiveCfg = Debug|Any CPU
		{0E71AED6-67F8-48AB-B86C-012FD6B62D41}.Debug|Any CPU.Build.0 = Debug|Any CPU
		{0E71AED6-67F8-48AB-B86C-012FD6B62D41}.Release|Any CPU.ActiveCfg = Release|Any CPU
		{0E71AED6-67F8-48AB-B86C-012FD6B62D41}.Release|Any CPU.Build.0 = Release|Any CPU
	EndGlobalSection
	GlobalSection(SolutionProperties) = preSolution
		HideSolutionNode = FALSE
	EndGlobalSection
	GlobalSection(ExtensibilityGlobals) = postSolution
		SolutionGuid = {E027F615-A44A-43AD-94BC-E9D90905DEB9}
	EndGlobalSection
EndGlobal
